
Microsoft Visual Studio Solution File, Format Version 12.00
# Visual Studio 15
VisualStudioVersion = 15.0.27004.2009
MinimumVisualStudioVersion = 10.0.40219.1
Project("{FAE04EC0-301F-11D3-BF4B-00C04F79EFBC}") = "WebSocketGeneralPurpose", "WebSocketGeneralPurpose\WebSocketGeneralPurpose.csproj", "{CE34E57E-EA78-4698-9931-249970DC6B58}"
EndProject
Global
	GlobalSection(SolutionConfigurationPlatforms) = preSolution
		Debug|Any CPU = Debug|Any CPU
		Release|Any CPU = Release|Any CPU
	EndGlobalSection
	GlobalSection(ProjectConfigurationPlatforms) = postSolution
		{CE34E57E-EA78-4698-9931-249970DC6B58}.Debug|Any CPU.ActiveCfg = Debug|Any CPU
		{CE34E57E-EA78-4698-9931-249970DC6B58}.Debug|Any CPU.Build.0 = Debug|Any CPU
		{CE34E57E-EA78-4698-9931-249970DC6B58}.Release|Any CPU.ActiveCfg = Release|Any CPU
		{CE34E57E-EA78-4698-9931-249970DC6B58}.Release|Any CPU.Build.0 = Release|Any CPU
	EndGlobalSection
	GlobalSection(SolutionProperties) = preSolution
		HideSolutionNode = FALSE
	EndGlobalSection
	GlobalSection(ExtensibilityGlobals) = postSolution
		SolutionGuid = {CB658BB5-65AD-4A4D-BDC4-BA765C94B3E3}
	EndGlobalSection
EndGlobal
